
Microsoft Visual Studio Solution File, Format Version 12.00
# Visual Studio Version 16
VisualStudioVersion = 16.0.31019.35
MinimumVisualStudioVersion = 10.0.40219.1
Project("{FAE04EC0-301F-11D3-BF4B-00C04F79EFBC}") = "MiPrimerWebApiM3", "MiPrimerWebApiM3\MiPrimerWebApiM3.csproj", "{386C08D6-EC27-4D9F-80FF-23BBE2B63409}"
EndProject
Global
	GlobalSection(SolutionConfigurationPlatforms) = preSolution
		Debug|Any CPU = Debug|Any CPU
		Release|Any CPU = Release|Any CPU
	EndGlobalSection
	GlobalSection(ProjectConfigurationPlatforms) = postSolution
		{386C08D6-EC27-4D9F-80FF-23BBE2B63409}.Debug|Any CPU.ActiveCfg = Debug|Any CPU
		{386C08D6-EC27-4D9F-80FF-23BBE2B63409}.Debug|Any CPU.Build.0 = Debug|Any CPU
		{386C08D6-EC27-4D9F-80FF-23BBE2B63409}.Release|Any CPU.ActiveCfg = Release|Any CPU
		{386C08D6-EC27-4D9F-80FF-23BBE2B63409}.Release|Any CPU.Build.0 = Release|Any CPU
	EndGlobalSection
	GlobalSection(SolutionProperties) = preSolution
		HideSolutionNode = FALSE
	EndGlobalSection
	GlobalSection(ExtensibilityGlobals) = postSolution
		SolutionGuid = {B6CA1BAB-621F-499E-9AC2-AAFB519A120A}
	EndGlobalSection
EndGlobal
